
Microsoft Visual Studio Solution File, Format Version 12.00
# Visual Studio Version 17
VisualStudioVersion = 17.1.32414.318
MinimumVisualStudioVersion = 10.0.40219.1
Project("{2150E333-8FDC-42A3-9474-1A3956D46DE8}") = "src", "src", "{005E5837-D333-4EA0-A482-E118327F2266}"
EndProject
Project("{9A19103F-16F7-4668-BE54-9A1E7A4F7556}") = "BookStore.Entities", "BookStore.Entities\BookStore.Entities.csproj", "{ADE616A6-C1A8-4191-B988-BE921DE7E9B2}"
EndProject
Project("{9A19103F-16F7-4668-BE54-9A1E7A4F7556}") = "BookStore.Migrations", "BookStore.Migrations\BookStore.Migrations.csproj", "{370926F2-2D5D-48BA-93A7-FF09EB834C40}"
EndProject
Project("{9A19103F-16F7-4668-BE54-9A1E7A4F7556}") = "BookStore.Infrastructur", "BookStore.Infrastructur\BookStore.Infrastructur.csproj", "{85AB3A0C-AA0A-4E17-BD5E-D6B9F3F8BB2A}"
EndProject
Project("{9A19103F-16F7-4668-BE54-9A1E7A4F7556}") = "BookStore.Persistence.EF", "BookStore.Persistence.EF\BookStore.Persistence.EF.csproj", "{87D3C43F-CA6B-4CCA-858F-ACCE82B5B272}"
EndProject
Project("{9A19103F-16F7-4668-BE54-9A1E7A4F7556}") = "BookStore.Services", "BookStore.Services\BookStore.Services.csproj", "{0889F5C5-0906-4F62-800D-A7BBFD96D7D3}"
EndProject
Project("{9A19103F-16F7-4668-BE54-9A1E7A4F7556}") = "BookStore.RestAPI", "BookStore.RestAPI\BookStore.RestAPI.csproj", "{650CC54A-70EA-47F8-B96D-739A81FDD999}"
EndProject
Project("{9A19103F-16F7-4668-BE54-9A1E7A4F7556}") = "BookStore.Services.Test.Unit", "BookStore.Services.Test.Unit\BookStore.Services.Test.Unit.csproj", "{3B1B2683-4314-46D0-A991-B2878E91B1B4}"
EndProject
Project("{2150E333-8FDC-42A3-9474-1A3956D46DE8}") = "tests", "tests", "{B5C3E944-407E-42FF-B8C1-AB19919E1904}"
EndProject
Global
	GlobalSection(SolutionConfigurationPlatforms) = preSolution
		Debug|Any CPU = Debug|Any CPU
		Release|Any CPU = Release|Any CPU
	EndGlobalSection
	GlobalSection(ProjectConfigurationPlatforms) = postSolution
		{ADE616A6-C1A8-4191-B988-BE921DE7E9B2}.Debug|Any CPU.ActiveCfg = Debug|Any CPU
		{ADE616A6-C1A8-4191-B988-BE921DE7E9B2}.Debug|Any CPU.Build.0 = Debug|Any CPU
		{ADE616A6-C1A8-4191-B988-BE921DE7E9B2}.Release|Any CPU.ActiveCfg = Release|Any CPU
		{ADE616A6-C1A8-4191-B988-BE921DE7E9B2}.Release|Any CPU.Build.0 = Release|Any CPU
		{370926F2-2D5D-48BA-93A7-FF09EB834C40}.Debug|Any CPU.ActiveCfg = Debug|Any CPU
		{370926F2-2D5D-48BA-93A7-FF09EB834C40}.Debug|Any CPU.Build.0 = Debug|Any CPU
		{370926F2-2D5D-48BA-93A7-FF09EB834C40}.Release|Any CPU.ActiveCfg = Release|Any CPU
		{370926F2-2D5D-48BA-93A7-FF09EB834C40}.Release|Any CPU.Build.0 = Release|Any CPU
		{85AB3A0C-AA0A-4E17-BD5E-D6B9F3F8BB2A}.Debug|Any CPU.ActiveCfg = Debug|Any CPU
		{85AB3A0C-AA0A-4E17-BD5E-D6B9F3F8BB2A}.Debug|Any CPU.Build.0 = Debug|Any CPU
		{85AB3A0C-AA0A-4E17-BD5E-D6B9F3F8BB2A}.Release|Any CPU.ActiveCfg = Release|Any CPU
		{85AB3A0C-AA0A-4E17-BD5E-D6B9F3F8BB2A}.Release|Any CPU.Build.0 = Release|Any CPU
		{87D3C43F-CA6B-4CCA-858F-ACCE82B5B272}.Debug|Any CPU.ActiveCfg = Debug|Any CPU
		{87D3C43F-CA6B-4CCA-858F-ACCE82B5B272}.Debug|Any CPU.Build.0 = Debug|Any CPU
		{87D3C43F-CA6B-4CCA-858F-ACCE82B5B272}.Release|Any CPU.ActiveCfg = Release|Any CPU
		{87D3C43F-CA6B-4CCA-858F-ACCE82B5B272}.Release|Any CPU.Build.0 = Release|Any CPU
		{0889F5C5-0906-4F62-800D-A7BBFD96D7D3}.Debug|Any CPU.ActiveCfg = Debug|Any CPU
		{0889F5C5-0906-4F62-800D-A7BBFD96D7D3}.Debug|Any CPU.Build.0 = Debug|Any CPU
		{0889F5C5-0906-4F62-800D-A7BBFD96D7D3}.Release|Any CPU.ActiveCfg = Release|Any CPU
		{0889F5C5-0906-4F62-800D-A7BBFD96D7D3}.Release|Any CPU.Build.0 = Release|Any CPU
		{650CC54A-70EA-47F8-B96D-739A81FDD999}.Debug|Any CPU.ActiveCfg = Debug|Any CPU
		{650CC54A-70EA-47F8-B96D-739A81FDD999}.Debug|Any CPU.Build.0 = Debug|Any CPU
		{650CC54A-70EA-47F8-B96D-739A81FDD999}.Release|Any CPU.ActiveCfg = Release|Any CPU
		{650CC54A-70EA-47F8-B96D-739A81FDD999}.Release|Any CPU.Build.0 = Release|Any CPU
		{3B1B2683-4314-46D0-A991-B2878E91B1B4}.Debug|Any CPU.ActiveCfg = Debug|Any CPU
		{3B1B2683-4314-46D0-A991-B2878E91B1B4}.Debug|Any CPU.Build.0 = Debug|Any CPU
		{3B1B2683-4314-46D0-A991-B2878E91B1B4}.Release|Any CPU.ActiveCfg = Release|Any CPU
		{3B1B2683-4314-46D0-A991-B2878E91B1B4}.Release|Any CPU.Build.0 = Release|Any CPU
	EndGlobalSection
	GlobalSection(SolutionProperties) = preSolution
		HideSolutionNode = FALSE
	EndGlobalSection
	GlobalSection(NestedProjects) = preSolution
		{ADE616A6-C1A8-4191-B988-BE921DE7E9B2} = {005E5837-D333-4EA0-A482-E118327F2266}
		{370926F2-2D5D-48BA-93A7-FF09EB834C40} = {005E5837-D333-4EA0-A482-E118327F2266}
		{85AB3A0C-AA0A-4E17-BD5E-D6B9F3F8BB2A} = {005E5837-D333-4EA0-A482-E118327F2266}
		{87D3C43F-CA6B-4CCA-858F-ACCE82B5B272} = {005E5837-D333-4EA0-A482-E118327F2266}
		{0889F5C5-0906-4F62-800D-A7BBFD96D7D3} = {005E5837-D333-4EA0-A482-E118327F2266}
		{650CC54A-70EA-47F8-B96D-739A81FDD999} = {005E5837-D333-4EA0-A482-E118327F2266}
		{3B1B2683-4314-46D0-A991-B2878E91B1B4} = {B5C3E944-407E-42FF-B8C1-AB19919E1904}
	EndGlobalSection
	GlobalSection(ExtensibilityGlobals) = postSolution
		SolutionGuid = {0D5A77CB-5BE5-4E56-BC8D-2A36D87BB638}
	EndGlobalSection
EndGlobal
